// !$*UTF8*$!
{
	archiveVersion = 1;
	classes = {
	};
	objectVersion = 48;
	objects = {

/* Begin PBXBuildFile section */
		22BB08DB1FC0BBD200121DCB /* AppDelegate.swift in Sources */ = {isa = PBXBuildFile; fileRef = 22BB08DA1FC0BBD200121DCB /* AppDelegate.swift */; };
		22BB08DD1FC0BBD300121DCB /* ViewController.swift in Sources */ = {isa = PBXBuildFile; fileRef = 22BB08DC1FC0BBD300121DCB /* ViewController.swift */; };
		22BB08E01FC0BBD300121DCB /* Main.storyboard in Resources */ = {isa = PBXBuildFile; fileRef = 22BB08DE1FC0BBD300121DCB /* Main.storyboard */; };
		22BB08E21FC0BBD300121DCB /* Assets.xcassets in Resources */ = {isa = PBXBuildFile; fileRef = 22BB08E11FC0BBD300121DCB /* Assets.xcassets */; };
		22BB08E51FC0BBD300121DCB /* LaunchScreen.storyboard in Resources */ = {isa = PBXBuildFile; fileRef = 22BB08E31FC0BBD300121DCB /* LaunchScreen.storyboard */; };
		22BB08F01FC0BBD300121DCB /* GoodShowTests.swift in Sources */ = {isa = PBXBuildFile; fileRef = 22BB08EF1FC0BBD300121DCB /* GoodShowTests.swift */; };
		22BB08FB1FC0BBD300121DCB /* GoodShowUITests.swift in Sources */ = {isa = PBXBuildFile; fileRef = 22BB08FA1FC0BBD300121DCB /* GoodShowUITests.swift */; };
		22BB09091FC0BD3800121DCB /* User.swift in Sources */ = {isa = PBXBuildFile; fileRef = 22BB09081FC0BD3800121DCB /* User.swift */; };
		22BB090B1FC0BECF00121DCB /* Event.swift in Sources */ = {isa = PBXBuildFile; fileRef = 22BB090A1FC0BECF00121DCB /* Event.swift */; };
/* End PBXBuildFile section */

/* Begin PBXContainerItemProxy section */
		22BB08EC1FC0BBD300121DCB /* PBXContainerItemProxy */ = {
			isa = PBXContainerItemProxy;
			containerPortal = 22BB08CF1FC0BBD200121DCB /* Project object */;
			proxyType = 1;
			remoteGlobalIDString = 22BB08D61FC0BBD200121DCB;
			remoteInfo = GoodShow;
		};
		22BB08F71FC0BBD300121DCB /* PBXContainerItemProxy */ = {
			isa = PBXContainerItemProxy;
			containerPortal = 22BB08CF1FC0BBD200121DCB /* Project object */;
			proxyType = 1;
			remoteGlobalIDString = 22BB08D61FC0BBD200121DCB;
			remoteInfo = GoodShow;
		};
/* End PBXContainerItemProxy section */

/* Begin PBXFileReference section */
		22BB08D71FC0BBD200121DCB /* GoodShow.app */ = {isa = PBXFileReference; explicitFileType = wrapper.application; includeInIndex = 0; path = GoodShow.app; sourceTree = BUILT_PRODUCTS_DIR; };
		22BB08DA1FC0BBD200121DCB /* AppDelegate.swift */ = {isa = PBXFileReference; lastKnownFileType = sourcecode.swift; path = AppDelegate.swift; sourceTree = "<group>"; };
		22BB08DC1FC0BBD300121DCB /* ViewController.swift */ = {isa = PBXFileReference; lastKnownFileType = sourcecode.swift; path = ViewController.swift; sourceTree = "<group>"; };
		22BB08DF1FC0BBD300121DCB /* Base */ = {isa = PBXFileReference; lastKnownFileType = file.storyboard; name = Base; path = Base.lproj/Main.storyboard; sourceTree = "<group>"; };
		22BB08E11FC0BBD300121DCB /* Assets.xcassets */ = {isa = PBXFileReference; lastKnownFileType = folder.assetcatalog; path = Assets.xcassets; sourceTree = "<group>"; };
		22BB08E41FC0BBD300121DCB /* Base */ = {isa = PBXFileReference; lastKnownFileType = file.storyboard; name = Base; path = Base.lproj/LaunchScreen.storyboard; sourceTree = "<group>"; };
		22BB08E61FC0BBD300121DCB /* Info.plist */ = {isa = PBXFileReference; lastKnownFileType = text.plist.xml; path = Info.plist; sourceTree = "<group>"; };
		22BB08EB1FC0BBD300121DCB /* GoodShowTests.xctest */ = {isa = PBXFileReference; explicitFileType = wrapper.cfbundle; includeInIndex = 0; path = GoodShowTests.xctest; sourceTree = BUILT_PRODUCTS_DIR; };
		22BB08EF1FC0BBD300121DCB /* GoodShowTests.swift */ = {isa = PBXFileReference; lastKnownFileType = sourcecode.swift; path = GoodShowTests.swift; sourceTree = "<group>"; };
		22BB08F11FC0BBD300121DCB /* Info.plist */ = {isa = PBXFileReference; lastKnownFileType = text.plist.xml; path = Info.plist; sourceTree = "<group>"; };
		22BB08F61FC0BBD300121DCB /* GoodShowUITests.xctest */ = {isa = PBXFileReference; explicitFileType = wrapper.cfbundle; includeInIndex = 0; path = GoodShowUITests.xctest; sourceTree = BUILT_PRODUCTS_DIR; };
		22BB08FA1FC0BBD300121DCB /* GoodShowUITests.swift */ = {isa = PBXFileReference; lastKnownFileType = sourcecode.swift; path = GoodShowUITests.swift; sourceTree = "<group>"; };
		22BB08FC1FC0BBD300121DCB /* Info.plist */ = {isa = PBXFileReference; lastKnownFileType = text.plist.xml; path = Info.plist; sourceTree = "<group>"; };
		22BB09081FC0BD3800121DCB /* User.swift */ = {isa = PBXFileReference; lastKnownFileType = sourcecode.swift; name = User.swift; path = Models/User.swift; sourceTree = "<group>"; };
		22BB090A1FC0BECF00121DCB /* Event.swift */ = {isa = PBXFileReference; lastKnownFileType = sourcecode.swift; name = Event.swift; path = Models/Event.swift; sourceTree = "<group>"; };
/* End PBXFileReference section */

/* Begin PBXFrameworksBuildPhase section */
		22BB08D41FC0BBD200121DCB /* Frameworks */ = {
			isa = PBXFrameworksBuildPhase;
			buildActionMask = 2147483647;
			files = (
			);
			runOnlyForDeploymentPostprocessing = 0;
		};
		22BB08E81FC0BBD300121DCB /* Frameworks */ = {
			isa = PBXFrameworksBuildPhase;
			buildActionMask = 2147483647;
			files = (
			);
			runOnlyForDeploymentPostprocessing = 0;
		};
		22BB08F31FC0BBD300121DCB /* Frameworks */ = {
			isa = PBXFrameworksBuildPhase;
			buildActionMask = 2147483647;
			files = (
			);
			runOnlyForDeploymentPostprocessing = 0;
		};
/* End PBXFrameworksBuildPhase section */

/* Begin PBXGroup section */
		22BB08CE1FC0BBD200121DCB = {
			isa = PBXGroup;
			children = (
				22BB08D91FC0BBD200121DCB /* GoodShow */,
				22BB08EE1FC0BBD300121DCB /* GoodShowTests */,
				22BB08F91FC0BBD300121DCB /* GoodShowUITests */,
				22BB08D81FC0BBD200121DCB /* Products */,
			);
			sourceTree = "<group>";
		};
		22BB08D81FC0BBD200121DCB /* Products */ = {
			isa = PBXGroup;
			children = (
				22BB08D71FC0BBD200121DCB /* GoodShow.app */,
				22BB08EB1FC0BBD300121DCB /* GoodShowTests.xctest */,
				22BB08F61FC0BBD300121DCB /* GoodShowUITests.xctest */,
			);
			name = Products;
			sourceTree = "<group>";
		};
		22BB08D91FC0BBD200121DCB /* GoodShow */ = {
			isa = PBXGroup;
			children = (
				22BB08DA1FC0BBD200121DCB /* AppDelegate.swift */,
				22BB08DC1FC0BBD300121DCB /* ViewController.swift */,
				22BB08DE1FC0BBD300121DCB /* Main.storyboard */,
				22BB08E11FC0BBD300121DCB /* Assets.xcassets */,
				22BB08E31FC0BBD300121DCB /* LaunchScreen.storyboard */,
				22BB08E61FC0BBD300121DCB /* Info.plist */,
				22BB09081FC0BD3800121DCB /* User.swift */,
				22BB090A1FC0BECF00121DCB /* Event.swift */,
			);
			path = GoodShow;
			sourceTree = "<group>";
		};
		22BB08EE1FC0BBD300121DCB /* GoodShowTests */ = {
			isa = PBXGroup;
			children = (
				22BB08EF1FC0BBD300121DCB /* GoodShowTests.swift */,
				22BB08F11FC0BBD300121DCB /* Info.plist */,
			);
			path = GoodShowTests;
			sourceTree = "<group>";
		};
		22BB08F91FC0BBD300121DCB /* GoodShowUITests */ = {
			isa = PBXGroup;
			children = (
				22BB08FA1FC0BBD300121DCB /* GoodShowUITests.swift */,
				22BB08FC1FC0BBD300121DCB /* Info.plist */,
			);
			path = GoodShowUITests;
			sourceTree = "<group>";
		};
/* End PBXGroup section */

/* Begin PBXNativeTarget section */
		22BB08D61FC0BBD200121DCB /* GoodShow */ = {
			isa = PBXNativeTarget;
			buildConfigurationList = 22BB08FF1FC0BBD300121DCB /* Build configuration list for PBXNativeTarget "GoodShow" */;
			buildPhases = (
				22BB08D31FC0BBD200121DCB /* Sources */,
				22BB08D41FC0BBD200121DCB /* Frameworks */,
				22BB08D51FC0BBD200121DCB /* Resources */,
			);
			buildRules = (
			);
			dependencies = (
			);
			name = GoodShow;
			productName = GoodShow;
			productReference = 22BB08D71FC0BBD200121DCB /* GoodShow.app */;
			productType = "com.apple.product-type.application";
		};
		22BB08EA1FC0BBD300121DCB /* GoodShowTests */ = {
			isa = PBXNativeTarget;
			buildConfigurationList = 22BB09021FC0BBD300121DCB /* Build configuration list for PBXNativeTarget "GoodShowTests" */;
			buildPhases = (
				22BB08E71FC0BBD300121DCB /* Sources */,
				22BB08E81FC0BBD300121DCB /* Frameworks */,
				22BB08E91FC0BBD300121DCB /* Resources */,
			);
			buildRules = (
			);
			dependencies = (
				22BB08ED1FC0BBD300121DCB /* PBXTargetDependency */,
			);
			name = GoodShowTests;
			productName = GoodShowTests;
			productReference = 22BB08EB1FC0BBD300121DCB /* GoodShowTests.xctest */;
			productType = "com.apple.product-type.bundle.unit-test";
		};
		22BB08F51FC0BBD300121DCB /* GoodShowUITests */ = {
			isa = PBXNativeTarget;
			buildConfigurationList = 22BB09051FC0BBD300121DCB /* Build configuration list for PBXNativeTarget "GoodShowUITests" */;
			buildPhases = (
				22BB08F21FC0BBD300121DCB /* Sources */,
				22BB08F31FC0BBD300121DCB /* Frameworks */,
				22BB08F41FC0BBD300121DCB /* Resources */,
			);
			buildRules = (
			);
			dependencies = (
				22BB08F81FC0BBD300121DCB /* PBXTargetDependency */,
			);
			name = GoodShowUITests;
			productName = GoodShowUITests;
			productReference = 22BB08F61FC0BBD300121DCB /* GoodShowUITests.xctest */;
			productType = "com.apple.product-type.bundle.ui-testing";
		};
/* End PBXNativeTarget section */

/* Begin PBXProject section */
		22BB08CF1FC0BBD200121DCB /* Project object */ = {
			isa = PBXProject;
			attributes = {
				LastSwiftUpdateCheck = 0910;
				LastUpgradeCheck = 0910;
				ORGANIZATIONNAME = "Tim Harris";
				TargetAttributes = {
					22BB08D61FC0BBD200121DCB = {
						CreatedOnToolsVersion = 9.1;
						ProvisioningStyle = Automatic;
					};
					22BB08EA1FC0BBD300121DCB = {
						CreatedOnToolsVersion = 9.1;
						ProvisioningStyle = Automatic;
						TestTargetID = 22BB08D61FC0BBD200121DCB;
					};
					22BB08F51FC0BBD300121DCB = {
						CreatedOnToolsVersion = 9.1;
						ProvisioningStyle = Automatic;
						TestTargetID = 22BB08D61FC0BBD200121DCB;
					};
				};
			};
			buildConfigurationList = 22BB08D21FC0BBD200121DCB /* Build configuration list for PBXProject "GoodShow" */;
			compatibilityVersion = "Xcode 8.0";
			developmentRegion = en;
			hasScannedForEncodings = 0;
			knownRegions = (
				en,
				Base,
			);
			mainGroup = 22BB08CE1FC0BBD200121DCB;
			productRefGroup = 22BB08D81FC0BBD200121DCB /* Products */;
			projectDirPath = "";
			projectRoot = "";
			targets = (
				22BB08D61FC0BBD200121DCB /* GoodShow */,
				22BB08EA1FC0BBD300121DCB /* GoodShowTests */,
				22BB08F51FC0BBD300121DCB /* GoodShowUITests */,
			);
		};
/* End PBXProject section */

/* Begin PBXResourcesBuildPhase section */
		22BB08D51FC0BBD200121DCB /* Resources */ = {
			isa = PBXResourcesBuildPhase;
			buildActionMask = 2147483647;
			files = (
				22BB08E51FC0BBD300121DCB /* LaunchScreen.storyboard in Resources */,
				22BB08E21FC0BBD300121DCB /* Assets.xcassets in Resources */,
				22BB08E01FC0BBD300121DCB /* Main.storyboard in Resources */,
			);
			runOnlyForDeploymentPostprocessing = 0;
		};
		22BB08E91FC0BBD300121DCB /* Resources */ = {
			isa = PBXResourcesBuildPhase;
			buildActionMask = 2147483647;
			files = (
			);
			runOnlyForDeploymentPostprocessing = 0;
		};
		22BB08F41FC0BBD300121DCB /* Resources */ = {
			isa = PBXResourcesBuildPhase;
			buildActionMask = 2147483647;
			files = (
			);
			runOnlyForDeploymentPostprocessing = 0;
		};
/* End PBXResourcesBuildPhase section */

/* Begin PBXSourcesBuildPhase section */
		22BB08D31FC0BBD200121DCB /* Sources */ = {
			isa = PBXSourcesBuildPhase;
			buildActionMask = 2147483647;
			files = (
				22BB090B1FC0BECF00121DCB /* Event.swift in Sources */,
				22BB08DD1FC0BBD300121DCB /* ViewController.swift in Sources */,
				22BB08DB1FC0BBD200121DCB /* AppDelegate.swift in Sources */,
				22BB09091FC0BD3800121DCB /* User.swift in Sources */,
			);
			runOnlyForDeploymentPostprocessing = 0;
		};
		22BB08E71FC0BBD300121DCB /* Sources */ = {
			isa = PBXSourcesBuildPhase;
			buildActionMask = 2147483647;
			files = (
				22BB08F01FC0BBD300121DCB /* GoodShowTests.swift in Sources */,
			);
			runOnlyForDeploymentPostprocessing = 0;
		};
		22BB08F21FC0BBD300121DCB /* Sources */ = {
			isa = PBXSourcesBuildPhase;
			buildActionMask = 2147483647;
			files = (
				22BB08FB1FC0BBD300121DCB /* GoodShowUITests.swift in Sources */,
			);
			runOnlyForDeploymentPostprocessing = 0;
		};
/* End PBXSourcesBuildPhase section */

/* Begin PBXTargetDependency section */
		22BB08ED1FC0BBD300121DCB /* PBXTargetDependency */ = {
			isa = PBXTargetDependency;
			target = 22BB08D61FC0BBD200121DCB /* GoodShow */;
			targetProxy = 22BB08EC1FC0BBD300121DCB /* PBXContainerItemProxy */;
		};
		22BB08F81FC0BBD300121DCB /* PBXTargetDependency */ = {
			isa = PBXTargetDependency;
			target = 22BB08D61FC0BBD200121DCB /* GoodShow */;
			targetProxy = 22BB08F71FC0BBD300121DCB /* PBXContainerItemProxy */;
		};
/* End PBXTargetDependency section */

/* Begin PBXVariantGroup section */
		22BB08DE1FC0BBD300121DCB /* Main.storyboard */ = {
			isa = PBXVariantGroup;
			children = (
				22BB08DF1FC0BBD300121DCB /* Base */,
			);
			name = Main.storyboard;
			sourceTree = "<group>";
		};
		22BB08E31FC0BBD300121DCB /* LaunchScreen.storyboard */ = {
			isa = PBXVariantGroup;
			children = (
				22BB08E41FC0BBD300121DCB /* Base */,
			);
			name = LaunchScreen.storyboard;
			sourceTree = "<group>";
		};
/* End PBXVariantGroup section */

/* Begin XCBuildConfiguration section */
		22BB08FD1FC0BBD300121DCB /* Debug */ = {
			isa = XCBuildConfiguration;
			buildSettings = {
				ALWAYS_SEARCH_USER_PATHS = NO;
				CLANG_ANALYZER_NONNULL = YES;
				CLANG_ANALYZER_NUMBER_OBJECT_CONVERSION = YES_AGGRESSIVE;
				CLANG_CXX_LANGUAGE_STANDARD = "gnu++14";
				CLANG_CXX_LIBRARY = "libc++";
				CLANG_ENABLE_MODULES = YES;
				CLANG_ENABLE_OBJC_ARC = YES;
				CLANG_WARN_BLOCK_CAPTURE_AUTORELEASING = YES;
				CLANG_WARN_BOOL_CONVERSION = YES;
				CLANG_WARN_COMMA = YES;
				CLANG_WARN_CONSTANT_CONVERSION = YES;
				CLANG_WARN_DIRECT_OBJC_ISA_USAGE = YES_ERROR;
				CLANG_WARN_DOCUMENTATION_COMMENTS = YES;
				CLANG_WARN_EMPTY_BODY = YES;
				CLANG_WARN_ENUM_CONVERSION = YES;
				CLANG_WARN_INFINITE_RECURSION = YES;
				CLANG_WARN_INT_CONVERSION = YES;
				CLANG_WARN_NON_LITERAL_NULL_CONVERSION = YES;
				CLANG_WARN_OBJC_LITERAL_CONVERSION = YES;
				CLANG_WARN_OBJC_ROOT_CLASS = YES_ERROR;
				CLANG_WARN_RANGE_LOOP_ANALYSIS = YES;
				CLANG_WARN_STRICT_PROTOTYPES = YES;
				CLANG_WARN_SUSPICIOUS_MOVE = YES;
				CLANG_WARN_UNGUARDED_AVAILABILITY = YES_AGGRESSIVE;
				CLANG_WARN_UNREACHABLE_CODE = YES;
				CLANG_WARN__DUPLICATE_METHOD_MATCH = YES;
				CODE_SIGN_IDENTITY = "iPhone Developer";
				COPY_PHASE_STRIP = NO;
				DEBUG_INFORMATION_FORMAT = dwarf;
				ENABLE_STRICT_OBJC_MSGSEND = YES;
				ENABLE_TESTABILITY = YES;
				GCC_C_LANGUAGE_STANDARD = gnu11;
				GCC_DYNAMIC_NO_PIC = NO;
				GCC_NO_COMMON_BLOCKS = YES;
				GCC_OPTIMIZATION_LEVEL = 0;
				GCC_PREPROCESSOR_DEFINITIONS = (
					"DEBUG=1",
					"$(inherited)",
				);
				GCC_WARN_64_TO_32_BIT_CONVERSION = YES;
				GCC_WARN_ABOUT_RETURN_TYPE = YES_ERROR;
				GCC_WARN_UNDECLARED_SELECTOR = YES;
				GCC_WARN_UNINITIALIZED_AUTOS = YES_AGGRESSIVE;
				GCC_WARN_UNUSED_FUNCTION = YES;
				GCC_WARN_UNUSED_VARIABLE = YES;
				IPHONEOS_DEPLOYMENT_TARGET = 11.1;
				MTL_ENABLE_DEBUG_INFO = YES;
				ONLY_ACTIVE_ARCH = YES;
				SDKROOT = iphoneos;
				SWIFT_ACTIVE_COMPILATION_CONDITIONS = DEBUG;
				SWIFT_OPTIMIZATION_LEVEL = "-Onone";
			};
			name = Debug;
		};
		22BB08FE1FC0BBD300121DCB /* Release */ = {
			isa = XCBuildConfiguration;
			buildSettings = {
				ALWAYS_SEARCH_USER_PATHS = NO;
				CLANG_ANALYZER_NONNULL = YES;
				CLANG_ANALYZER_NUMBER_OBJECT_CONVERSION = YES_AGGRESSIVE;
				CLANG_CXX_LANGUAGE_STANDARD = "gnu++14";
				CLANG_CXX_LIBRARY = "libc++";
				CLANG_ENABLE_MODULES = YES;
				CLANG_ENABLE_OBJC_ARC = YES;
				CLANG_WARN_BLOCK_CAPTURE_AUTORELEASING = YES;
				CLANG_WARN_BOOL_CONVERSION = YES;
				CLANG_WARN_COMMA = YES;
				CLANG_WARN_CONSTANT_CONVERSION = YES;
				CLANG_WARN_DIRECT_OBJC_ISA_USAGE = YES_ERROR;
				CLANG_WARN_DOCUMENTATION_COMMENTS = YES;
				CLANG_WARN_EMPTY_BODY = YES;
				CLANG_WARN_ENUM_CONVERSION = YES;
				CLANG_WARN_INFINITE_RECURSION = YES;
				CLANG_WARN_INT_CONVERSION = YES;
				CLANG_WARN_NON_LITERAL_NULL_CONVERSION = YES;
				CLANG_WARN_OBJC_LITERAL_CONVERSION = YES;
				CLANG_WARN_OBJC_ROOT_CLASS = YES_ERROR;
				CLANG_WARN_RANGE_LOOP_ANALYSIS = YES;
				CLANG_WARN_STRICT_PROTOTYPES = YES;
				CLANG_WARN_SUSPICIOUS_MOVE = YES;
				CLANG_WARN_UNGUARDED_AVAILABILITY = YES_AGGRESSIVE;
				CLANG_WARN_UNREACHABLE_CODE = YES;
				CLANG_WARN__DUPLICATE_METHOD_MATCH = YES;
				CODE_SIGN_IDENTITY = "iPhone Developer";
				COPY_PHASE_STRIP = NO;
				DEBUG_INFORMATION_FORMAT = "dwarf-with-dsym";
				ENABLE_NS_ASSERTIONS = NO;
				ENABLE_STRICT_OBJC_MSGSEND = YES;
				GCC_C_LANGUAGE_STANDARD = gnu11;
				GCC_NO_COMMON_BLOCKS = YES;
				GCC_WARN_64_TO_32_BIT_CONVERSION = YES;
				GCC_WARN_ABOUT_RETURN_TYPE = YES_ERROR;
				GCC_WARN_UNDECLARED_SELECTOR = YES;
				GCC_WARN_UNINITIALIZED_AUTOS = YES_AGGRESSIVE;
				GCC_WARN_UNUSED_FUNCTION = YES;
				GCC_WARN_UNUSED_VARIABLE = YES;
				IPHONEOS_DEPLOYMENT_TARGET = 11.1;
				MTL_ENABLE_DEBUG_INFO = NO;
				SDKROOT = iphoneos;
				SWIFT_OPTIMIZATION_LEVEL = "-Owholemodule";
				VALIDATE_PRODUCT = YES;
			};
			name = Release;
		};
		22BB09001FC0BBD300121DCB /* Debug */ = {
			isa = XCBuildConfiguration;
			buildSettings = {
				ASSETCATALOG_COMPILER_APPICON_NAME = AppIcon;
				CODE_SIGN_STYLE = Automatic;
				INFOPLIST_FILE = GoodShow/Info.plist;
				LD_RUNPATH_SEARCH_PATHS = "$(inherited) @executable_path/Frameworks";
				PRODUCT_BUNDLE_IDENTIFIER = com.raymondtharris.GoodShow;
				PRODUCT_NAME = "$(TARGET_NAME)";
				SWIFT_VERSION = 4.0;
				TARGETED_DEVICE_FAMILY = "1,2";
			};
			name = Debug;
		};
		22BB09011FC0BBD300121DCB /* Release */ = {
			isa = XCBuildConfiguration;
			buildSettings = {
				ASSETCATALOG_COMPILER_APPICON_NAME = AppIcon;
				CODE_SIGN_STYLE = Automatic;
				INFOPLIST_FILE = GoodShow/Info.plist;
				LD_RUNPATH_SEARCH_PATHS = "$(inherited) @executable_path/Frameworks";
				PRODUCT_BUNDLE_IDENTIFIER = com.raymondtharris.GoodShow;
				PRODUCT_NAME = "$(TARGET_NAME)";
				SWIFT_VERSION = 4.0;
				TARGETED_DEVICE_FAMILY = "1,2";
			};
			name = Release;
		};
		22BB09031FC0BBD300121DCB /* Debug */ = {
			isa = XCBuildConfiguration;
			buildSettings = {
				ALWAYS_EMBED_SWIFT_STANDARD_LIBRARIES = YES;
				BUNDLE_LOADER = "$(TEST_HOST)";
				CODE_SIGN_STYLE = Automatic;
				INFOPLIST_FILE = GoodShowTests/Info.plist;
				LD_RUNPATH_SEARCH_PATHS = "$(inherited) @executable_path/Frameworks @loader_path/Frameworks";
				PRODUCT_BUNDLE_IDENTIFIER = com.raymondtharris.GoodShowTests;
				PRODUCT_NAME = "$(TARGET_NAME)";
				SWIFT_VERSION = 4.0;
				TARGETED_DEVICE_FAMILY = "1,2";
				TEST_HOST = "$(BUILT_PRODUCTS_DIR)/GoodShow.app/GoodShow";
			};
			name = Debug;
		};
		22BB09041FC0BBD300121DCB /* Release */ = {
			isa = XCBuildConfiguration;
			buildSettings = {
				ALWAYS_EMBED_SWIFT_STANDARD_LIBRARIES = YES;
				BUNDLE_LOADER = "$(TEST_HOST)";
				CODE_SIGN_STYLE = Automatic;
				INFOPLIST_FILE = GoodShowTests/Info.plist;
				LD_RUNPATH_SEARCH_PATHS = "$(inherited) @executable_path/Frameworks @loader_path/Frameworks";
				PRODUCT_BUNDLE_IDENTIFIER = com.raymondtharris.GoodShowTests;
				PRODUCT_NAME = "$(TARGET_NAME)";
				SWIFT_VERSION = 4.0;
				TARGETED_DEVICE_FAMILY = "1,2";
				TEST_HOST = "$(BUILT_PRODUCTS_DIR)/GoodShow.app/GoodShow";
			};
			name = Release;
		};
		22BB09061FC0BBD300121DCB /* Debug */ = {
			isa = XCBuildConfiguration;
			buildSettings = {
				ALWAYS_EMBED_SWIFT_STANDARD_LIBRARIES = YES;
				CODE_SIGN_STYLE = Automatic;
				INFOPLIST_FILE = GoodShowUITests/Info.plist;
				LD_RUNPATH_SEARCH_PATHS = "$(inherited) @executable_path/Frameworks @loader_path/Frameworks";
				PRODUCT_BUNDLE_IDENTIFIER = com.raymondtharris.GoodShowUITests;
				PRODUCT_NAME = "$(TARGET_NAME)";
				SWIFT_VERSION = 4.0;
				TARGETED_DEVICE_FAMILY = "1,2";
				TEST_TARGET_NAME = GoodShow;
			};
			name = Debug;
		};
		22BB09071FC0BBD300121DCB /* Release */ = {
			isa = XCBuildConfiguration;
			buildSettings = {
				ALWAYS_EMBED_SWIFT_STANDARD_LIBRARIES = YES;
				CODE_SIGN_STYLE = Automatic;
				INFOPLIST_FILE = GoodShowUITests/Info.plist;
				LD_RUNPATH_SEARCH_PATHS = "$(inherited) @executable_path/Frameworks @loader_path/Frameworks";
				PRODUCT_BUNDLE_IDENTIFIER = com.raymondtharris.GoodShowUITests;
				PRODUCT_NAME = "$(TARGET_NAME)";
				SWIFT_VERSION = 4.0;
				TARGETED_DEVICE_FAMILY = "1,2";
				TEST_TARGET_NAME = GoodShow;
			};
			name = Release;
		};
/* End XCBuildConfiguration section */

/* Begin XCConfigurationList section */
		22BB08D21FC0BBD200121DCB /* Build configuration list for PBXProject "GoodShow" */ = {
			isa = XCConfigurationList;
			buildConfigurations = (
				22BB08FD1FC0BBD300121DCB /* Debug */,
				22BB08FE1FC0BBD300121DCB /* Release */,
			);
			defaultConfigurationIsVisible = 0;
			defaultConfigurationName = Release;
		};
		22BB08FF1FC0BBD300121DCB /* Build configuration list for PBXNativeTarget "GoodShow" */ = {
			isa = XCConfigurationList;
			buildConfigurations = (
				22BB09001FC0BBD300121DCB /* Debug */,
				22BB09011FC0BBD300121DCB /* Release */,
			);
			defaultConfigurationIsVisible = 0;
			defaultConfigurationName = Release;
		};
		22BB09021FC0BBD300121DCB /* Build configuration list for PBXNativeTarget "GoodShowTests" */ = {
			isa = XCConfigurationList;
			buildConfigurations = (
				22BB09031FC0BBD300121DCB /* Debug */,
				22BB09041FC0BBD300121DCB /* Release */,
			);
			defaultConfigurationIsVisible = 0;
			defaultConfigurationName = Release;
		};
		22BB09051FC0BBD300121DCB /* Build configuration list for PBXNativeTarget "GoodShowUITests" */ = {
			isa = XCConfigurationList;
			buildConfigurations = (
				22BB09061FC0BBD300121DCB /* Debug */,
				22BB09071FC0BBD300121DCB /* Release */,
			);
			defaultConfigurationIsVisible = 0;
			defaultConfigurationName = Release;
		};
/* End XCConfigurationList section */
	};
	rootObject = 22BB08CF1FC0BBD200121DCB /* Project object */;
}
